
Microsoft Visual Studio Solution File, Format Version 12.00
# Visual Studio Version 17
VisualStudioVersion = 17.14.36915.13
MinimumVisualStudioVersion = 10.0.40219.1
Project("{FAE04EC0-301F-11D3-BF4B-00C04F79EFBC}") = "VoxNote", "VoxNote\VoxNote.csproj", "{C83486D1-6F9F-4A7A-95B0-A58DFC7D505A}"
EndProject
Project("{54A90642-561A-4BB1-A94E-469ADEE60C69}") = "VoxNote.Client", "VoxNote.Client\VoxNote.Client.esproj", "{2002A6E9-BAB2-4C20-A847-F27AC6A8C026}"
EndProject
Global
	GlobalSection(SolutionConfigurationPlatforms) = preSolution
		Debug|Any CPU = Debug|Any CPU
		Debug|x64 = Debug|x64
		Debug|x86 = Debug|x86
		Release|Any CPU = Release|Any CPU
		Release|x64 = Release|x64
		Release|x86 = Release|x86
	EndGlobalSection
	GlobalSection(ProjectConfigurationPlatforms) = postSolution
		{C83486D1-6F9F-4A7A-95B0-A58DFC7D505A}.Debug|Any CPU.ActiveCfg = Debug|Any CPU
		{C83486D1-6F9F-4A7A-95B0-A58DFC7D505A}.Debug|Any CPU.Build.0 = Debug|Any CPU
		{C83486D1-6F9F-4A7A-95B0-A58DFC7D505A}.Debug|x64.ActiveCfg = Debug|Any CPU
		{C83486D1-6F9F-4A7A-95B0-A58DFC7D505A}.Debug|x64.Build.0 = Debug|Any CPU
		{C83486D1-6F9F-4A7A-95B0-A58DFC7D505A}.Debug|x86.ActiveCfg = Debug|Any CPU
		{C83486D1-6F9F-4A7A-95B0-A58DFC7D505A}.Debug|x86.Build.0 = Debug|Any CPU
		{C83486D1-6F9F-4A7A-95B0-A58DFC7D505A}.Release|Any CPU.ActiveCfg = Release|Any CPU
		{C83486D1-6F9F-4A7A-95B0-A58DFC7D505A}.Release|Any CPU.Build.0 = Release|Any CPU
		{C83486D1-6F9F-4A7A-95B0-A58DFC7D505A}.Release|x64.ActiveCfg = Release|Any CPU
		{C83486D1-6F9F-4A7A-95B0-A58DFC7D505A}.Release|x64.Build.0 = Release|Any CPU
		{C83486D1-6F9F-4A7A-95B0-A58DFC7D505A}.Release|x86.ActiveCfg = Release|Any CPU
		{C83486D1-6F9F-4A7A-95B0-A58DFC7D505A}.Release|x86.Build.0 = Release|Any CPU
		{2002A6E9-BAB2-4C20-A847-F27AC6A8C026}.Debug|Any CPU.ActiveCfg = Debug|Any CPU
		{2002A6E9-BAB2-4C20-A847-F27AC6A8C026}.Debug|x64.ActiveCfg = Debug|Any CPU
		{2002A6E9-BAB2-4C20-A847-F27AC6A8C026}.Debug|x86.ActiveCfg = Debug|Any CPU
		{2002A6E9-BAB2-4C20-A847-F27AC6A8C026}.Release|Any CPU.ActiveCfg = Release|Any CPU
		{2002A6E9-BAB2-4C20-A847-F27AC6A8C026}.Release|x64.ActiveCfg = Release|Any CPU
		{2002A6E9-BAB2-4C20-A847-F27AC6A8C026}.Release|x86.ActiveCfg = Release|Any CPU
	EndGlobalSection
	GlobalSection(SolutionProperties) = preSolution
		HideSolutionNode = FALSE
	EndGlobalSection
	GlobalSection(ExtensibilityGlobals) = postSolution
		SolutionGuid = {B1EED8A5-692E-42E0-B58C-404E6204D16A}
	EndGlobalSection
EndGlobal
